
Microsoft Visual Studio Solution File, Format Version 12.00
# Visual Studio Version 17
VisualStudioVersion = 17.12.35527.113
MinimumVisualStudioVersion = 10.0.40219.1
Project("{FAE04EC0-301F-11D3-BF4B-00C04F79EFBC}") = "Usefull.PullPackage", "Usefull.PullPackage\Usefull.PullPackage.csproj", "{EC75334E-508C-492B-A759-85B33D400D2F}"
EndProject
Project("{2150E333-8FDC-42A3-9474-1A3956D46DE8}") = "Solution Items", "Solution Items", "{CDA2E851-5523-4B61-B748-3DE2475EFCCE}"
	ProjectSection(SolutionItems) = preProject
		Directory.Packages.props = Directory.Packages.props
		nuget.config = nuget.config
	EndProjectSection
EndProject
Project("{FAE04EC0-301F-11D3-BF4B-00C04F79EFBC}") = "Usefull.PullPackage.Sample", "Usefull.PullPackage.Sample\Usefull.PullPackage.Sample.csproj", "{C6C369BA-9603-49C0-B816-334C4A1CD85E}"
EndProject
Global
	GlobalSection(SolutionConfigurationPlatforms) = preSolution
		Debug|Any CPU = Debug|Any CPU
		Release|Any CPU = Release|Any CPU
	EndGlobalSection
	GlobalSection(ProjectConfigurationPlatforms) = postSolution
		{EC75334E-508C-492B-A759-85B33D400D2F}.Debug|Any CPU.ActiveCfg = Debug|Any CPU
		{EC75334E-508C-492B-A759-85B33D400D2F}.Debug|Any CPU.Build.0 = Debug|Any CPU
		{EC75334E-508C-492B-A759-85B33D400D2F}.Release|Any CPU.ActiveCfg = Release|Any CPU
		{EC75334E-508C-492B-A759-85B33D400D2F}.Release|Any CPU.Build.0 = Release|Any CPU
		{C6C369BA-9603-49C0-B816-334C4A1CD85E}.Debug|Any CPU.ActiveCfg = Debug|Any CPU
		{C6C369BA-9603-49C0-B816-334C4A1CD85E}.Debug|Any CPU.Build.0 = Debug|Any CPU
		{C6C369BA-9603-49C0-B816-334C4A1CD85E}.Release|Any CPU.ActiveCfg = Release|Any CPU
		{C6C369BA-9603-49C0-B816-334C4A1CD85E}.Release|Any CPU.Build.0 = Release|Any CPU
	EndGlobalSection
	GlobalSection(SolutionProperties) = preSolution
		HideSolutionNode = FALSE
	EndGlobalSection
EndGlobal
